
Microsoft Visual Studio Solution File, Format Version 12.00
# Visual Studio Version 17
VisualStudioVersion = 17.1.32414.318
MinimumVisualStudioVersion = 10.0.40219.1
Project("{9A19103F-16F7-4668-BE54-9A1E7A4F7556}") = "application", "Api\application.csproj", "{C4E030BA-DC53-44B0-B21B-F3D714CF45ED}"
EndProject
Project("{9A19103F-16F7-4668-BE54-9A1E7A4F7556}") = "Domain", "Domain\Domain.csproj", "{B4B83608-A6DB-4638-8812-A334259D0072}"
EndProject
Project("{9A19103F-16F7-4668-BE54-9A1E7A4F7556}") = "CrossCutting", "CrossCutting\CrossCutting.csproj", "{AE81DA9F-D494-4250-BE7F-FFB6BBB37243}"
EndProject
Project("{9A19103F-16F7-4668-BE54-9A1E7A4F7556}") = "Data", "Data\Data.csproj", "{E3165EBA-DBC3-4FA4-B374-A915BDAD6813}"
EndProject
Project("{9A19103F-16F7-4668-BE54-9A1E7A4F7556}") = "Service", "Service\Service.csproj", "{F1409DC2-AA22-4248-8737-78A5881D3952}"
EndProject
Global
	GlobalSection(SolutionConfigurationPlatforms) = preSolution
		Debug|Any CPU = Debug|Any CPU
		Release|Any CPU = Release|Any CPU
	EndGlobalSection
	GlobalSection(ProjectConfigurationPlatforms) = postSolution
		{C4E030BA-DC53-44B0-B21B-F3D714CF45ED}.Debug|Any CPU.ActiveCfg = Debug|Any CPU
		{C4E030BA-DC53-44B0-B21B-F3D714CF45ED}.Debug|Any CPU.Build.0 = Debug|Any CPU
		{C4E030BA-DC53-44B0-B21B-F3D714CF45ED}.Release|Any CPU.ActiveCfg = Release|Any CPU
		{C4E030BA-DC53-44B0-B21B-F3D714CF45ED}.Release|Any CPU.Build.0 = Release|Any CPU
		{B4B83608-A6DB-4638-8812-A334259D0072}.Debug|Any CPU.ActiveCfg = Debug|Any CPU
		{B4B83608-A6DB-4638-8812-A334259D0072}.Debug|Any CPU.Build.0 = Debug|Any CPU
		{B4B83608-A6DB-4638-8812-A334259D0072}.Release|Any CPU.ActiveCfg = Release|Any CPU
		{B4B83608-A6DB-4638-8812-A334259D0072}.Release|Any CPU.Build.0 = Release|Any CPU
		{AE81DA9F-D494-4250-BE7F-FFB6BBB37243}.Debug|Any CPU.ActiveCfg = Debug|Any CPU
		{AE81DA9F-D494-4250-BE7F-FFB6BBB37243}.Debug|Any CPU.Build.0 = Debug|Any CPU
		{AE81DA9F-D494-4250-BE7F-FFB6BBB37243}.Release|Any CPU.ActiveCfg = Release|Any CPU
		{AE81DA9F-D494-4250-BE7F-FFB6BBB37243}.Release|Any CPU.Build.0 = Release|Any CPU
		{E3165EBA-DBC3-4FA4-B374-A915BDAD6813}.Debug|Any CPU.ActiveCfg = Debug|Any CPU
		{E3165EBA-DBC3-4FA4-B374-A915BDAD6813}.Debug|Any CPU.Build.0 = Debug|Any CPU
		{E3165EBA-DBC3-4FA4-B374-A915BDAD6813}.Release|Any CPU.ActiveCfg = Release|Any CPU
		{E3165EBA-DBC3-4FA4-B374-A915BDAD6813}.Release|Any CPU.Build.0 = Release|Any CPU
		{F1409DC2-AA22-4248-8737-78A5881D3952}.Debug|Any CPU.ActiveCfg = Debug|Any CPU
		{F1409DC2-AA22-4248-8737-78A5881D3952}.Debug|Any CPU.Build.0 = Debug|Any CPU
		{F1409DC2-AA22-4248-8737-78A5881D3952}.Release|Any CPU.ActiveCfg = Release|Any CPU
		{F1409DC2-AA22-4248-8737-78A5881D3952}.Release|Any CPU.Build.0 = Release|Any CPU
	EndGlobalSection
	GlobalSection(SolutionProperties) = preSolution
		HideSolutionNode = FALSE
	EndGlobalSection
	GlobalSection(ExtensibilityGlobals) = postSolution
		SolutionGuid = {6EC1CE35-A1D6-4912-ADC3-A027BEA02B9C}
	EndGlobalSection
EndGlobal
